// !$*UTF8*$!
{
	archiveVersion = 1;
	classes = {
	};
	objectVersion = 46;
	objects = {

/* Begin PBXBuildFile section */
		0A6BC16B55456131088A3CC9 /* Pods_PaintApp.framework in Frameworks */ = {isa = PBXBuildFile; fileRef = BF4E6C684B7756F718715C97 /* Pods_PaintApp.framework */; };
		501068F6BE016B7EAE04098D /* Pods_PaintAppTests.framework in Frameworks */ = {isa = PBXBuildFile; fileRef = F702922A8FD49C6FFFBA9382 /* Pods_PaintAppTests.framework */; };
		B830ECC31F077C88002FB10C /* CanvasView.swift in Sources */ = {isa = PBXBuildFile; fileRef = B830ECC21F077C88002FB10C /* CanvasView.swift */; };
		B830ECC51F0C94FC002FB10C /* SlideViewController.swift in Sources */ = {isa = PBXBuildFile; fileRef = B830ECC41F0C94FC002FB10C /* SlideViewController.swift */; };
		B830ECC71F0C955A002FB10C /* LeftViewController.swift in Sources */ = {isa = PBXBuildFile; fileRef = B830ECC61F0C955A002FB10C /* LeftViewController.swift */; };
		B830ECC91F0C98EA002FB10C /* menu.png in Resources */ = {isa = PBXBuildFile; fileRef = B830ECC81F0C98EA002FB10C /* menu.png */; };
		B830ECCD1F0DD766002FB10C /* flower.png in Resources */ = {isa = PBXBuildFile; fileRef = B830ECCC1F0DD766002FB10C /* flower.png */; };
		B890A0371F069FBB0059A192 /* AppDelegate.swift in Sources */ = {isa = PBXBuildFile; fileRef = B890A0361F069FBB0059A192 /* AppDelegate.swift */; };
		B890A0391F069FBB0059A192 /* ViewController.swift in Sources */ = {isa = PBXBuildFile; fileRef = B890A0381F069FBB0059A192 /* ViewController.swift */; };
		B890A03C1F069FBB0059A192 /* Main.storyboard in Resources */ = {isa = PBXBuildFile; fileRef = B890A03A1F069FBB0059A192 /* Main.storyboard */; };
		B890A0411F069FBB0059A192 /* LaunchScreen.storyboard in Resources */ = {isa = PBXBuildFile; fileRef = B890A03F1F069FBB0059A192 /* LaunchScreen.storyboard */; };
		B890A04C1F069FBB0059A192 /* PaintAppTests.swift in Sources */ = {isa = PBXBuildFile; fileRef = B890A04B1F069FBB0059A192 /* PaintAppTests.swift */; };
		B890A0571F069FBB0059A192 /* PaintAppUITests.swift in Sources */ = {isa = PBXBuildFile; fileRef = B890A0561F069FBB0059A192 /* PaintAppUITests.swift */; };
		B9AEDE9089A8A6BDDD52BADF /* Pods_PaintAppUITests.framework in Frameworks */ = {isa = PBXBuildFile; fileRef = D8CD2596735B243F524010BE /* Pods_PaintAppUITests.framework */; };
/* End PBXBuildFile section */

/* Begin PBXContainerItemProxy section */
		B890A0481F069FBB0059A192 /* PBXContainerItemProxy */ = {
			isa = PBXContainerItemProxy;
			containerPortal = B890A02B1F069FBB0059A192 /* Project object */;
			proxyType = 1;
			remoteGlobalIDString = B890A0321F069FBB0059A192;
			remoteInfo = PaintApp;
		};
		B890A0531F069FBB0059A192 /* PBXContainerItemProxy */ = {
			isa = PBXContainerItemProxy;
			containerPortal = B890A02B1F069FBB0059A192 /* Project object */;
			proxyType = 1;
			remoteGlobalIDString = B890A0321F069FBB0059A192;
			remoteInfo = PaintApp;
		};
/* End PBXContainerItemProxy section */

/* Begin PBXFileReference section */
		197CEAB91958B6BE6E2A638C /* Pods-PaintAppTests.debug.xcconfig */ = {isa = PBXFileReference; includeInIndex = 1; lastKnownFileType = text.xcconfig; name = "Pods-PaintAppTests.debug.xcconfig"; path = "Pods/Target Support Files/Pods-PaintAppTests/Pods-PaintAppTests.debug.xcconfig"; sourceTree = "<group>"; };
		1C50ED34B473DD0A2271501E /* Pods-PaintApp.release.xcconfig */ = {isa = PBXFileReference; includeInIndex = 1; lastKnownFileType = text.xcconfig; name = "Pods-PaintApp.release.xcconfig"; path = "Pods/Target Support Files/Pods-PaintApp/Pods-PaintApp.release.xcconfig"; sourceTree = "<group>"; };
		2A078C46AF82F9BD71DD44BA /* Pods-PaintAppUITests.debug.xcconfig */ = {isa = PBXFileReference; includeInIndex = 1; lastKnownFileType = text.xcconfig; name = "Pods-PaintAppUITests.debug.xcconfig"; path = "Pods/Target Support Files/Pods-PaintAppUITests/Pods-PaintAppUITests.debug.xcconfig"; sourceTree = "<group>"; };
		5E2BC9C412DD95D0F2B610BC /* Pods-PaintAppUITests.release.xcconfig */ = {isa = PBXFileReference; includeInIndex = 1; lastKnownFileType = text.xcconfig; name = "Pods-PaintAppUITests.release.xcconfig"; path = "Pods/Target Support Files/Pods-PaintAppUITests/Pods-PaintAppUITests.release.xcconfig"; sourceTree = "<group>"; };
		7AB735739DE14A8313B6EE88 /* Pods-PaintAppTests.release.xcconfig */ = {isa = PBXFileReference; includeInIndex = 1; lastKnownFileType = text.xcconfig; name = "Pods-PaintAppTests.release.xcconfig"; path = "Pods/Target Support Files/Pods-PaintAppTests/Pods-PaintAppTests.release.xcconfig"; sourceTree = "<group>"; };
		B830ECC21F077C88002FB10C /* CanvasView.swift */ = {isa = PBXFileReference; fileEncoding = 4; lastKnownFileType = sourcecode.swift; path = CanvasView.swift; sourceTree = "<group>"; };
		B830ECC41F0C94FC002FB10C /* SlideViewController.swift */ = {isa = PBXFileReference; fileEncoding = 4; lastKnownFileType = sourcecode.swift; path = SlideViewController.swift; sourceTree = "<group>"; };
		B830ECC61F0C955A002FB10C /* LeftViewController.swift */ = {isa = PBXFileReference; fileEncoding = 4; lastKnownFileType = sourcecode.swift; path = LeftViewController.swift; sourceTree = "<group>"; };
		B830ECC81F0C98EA002FB10C /* menu.png */ = {isa = PBXFileReference; lastKnownFileType = image.png; name = menu.png; path = ../../../Downloads/Images.xcassets/Menu.imageset/menu.png; sourceTree = "<group>"; };
		B830ECCC1F0DD766002FB10C /* flower.png */ = {isa = PBXFileReference; lastKnownFileType = image.png; name = flower.png; path = ../../../Downloads/flower.png; sourceTree = "<group>"; };
		B890A0331F069FBB0059A192 /* PaintApp.app */ = {isa = PBXFileReference; explicitFileType = wrapper.application; includeInIndex = 0; path = PaintApp.app; sourceTree = BUILT_PRODUCTS_DIR; };
		B890A0361F069FBB0059A192 /* AppDelegate.swift */ = {isa = PBXFileReference; lastKnownFileType = sourcecode.swift; path = AppDelegate.swift; sourceTree = "<group>"; };
		B890A0381F069FBB0059A192 /* ViewController.swift */ = {isa = PBXFileReference; lastKnownFileType = sourcecode.swift; path = ViewController.swift; sourceTree = "<group>"; };
		B890A03B1F069FBB0059A192 /* Base */ = {isa = PBXFileReference; lastKnownFileType = file.storyboard; name = Base; path = Base.lproj/Main.storyboard; sourceTree = "<group>"; };
		B890A0401F069FBB0059A192 /* Base */ = {isa = PBXFileReference; lastKnownFileType = file.storyboard; name = Base; path = Base.lproj/LaunchScreen.storyboard; sourceTree = "<group>"; };
		B890A0421F069FBB0059A192 /* Info.plist */ = {isa = PBXFileReference; lastKnownFileType = text.plist.xml; path = Info.plist; sourceTree = "<group>"; };
		B890A0471F069FBB0059A192 /* PaintAppTests.xctest */ = {isa = PBXFileReference; explicitFileType = wrapper.cfbundle; includeInIndex = 0; path = PaintAppTests.xctest; sourceTree = BUILT_PRODUCTS_DIR; };
		B890A04B1F069FBB0059A192 /* PaintAppTests.swift */ = {isa = PBXFileReference; lastKnownFileType = sourcecode.swift; path = PaintAppTests.swift; sourceTree = "<group>"; };
		B890A04D1F069FBB0059A192 /* Info.plist */ = {isa = PBXFileReference; lastKnownFileType = text.plist.xml; path = Info.plist; sourceTree = "<group>"; };
		B890A0521F069FBB0059A192 /* PaintAppUITests.xctest */ = {isa = PBXFileReference; explicitFileType = wrapper.cfbundle; includeInIndex = 0; path = PaintAppUITests.xctest; sourceTree = BUILT_PRODUCTS_DIR; };
		B890A0561F069FBB0059A192 /* PaintAppUITests.swift */ = {isa = PBXFileReference; lastKnownFileType = sourcecode.swift; path = PaintAppUITests.swift; sourceTree = "<group>"; };
		B890A0581F069FBB0059A192 /* Info.plist */ = {isa = PBXFileReference; lastKnownFileType = text.plist.xml; path = Info.plist; sourceTree = "<group>"; };
		BF4E6C684B7756F718715C97 /* Pods_PaintApp.framework */ = {isa = PBXFileReference; explicitFileType = wrapper.framework; includeInIndex = 0; path = Pods_PaintApp.framework; sourceTree = BUILT_PRODUCTS_DIR; };
		D8CD2596735B243F524010BE /* Pods_PaintAppUITests.framework */ = {isa = PBXFileReference; explicitFileType = wrapper.framework; includeInIndex = 0; path = Pods_PaintAppUITests.framework; sourceTree = BUILT_PRODUCTS_DIR; };
		EFFBAC01F5C24DC4A5ACC119 /* Pods-PaintApp.debug.xcconfig */ = {isa = PBXFileReference; includeInIndex = 1; lastKnownFileType = text.xcconfig; name = "Pods-PaintApp.debug.xcconfig"; path = "Pods/Target Support Files/Pods-PaintApp/Pods-PaintApp.debug.xcconfig"; sourceTree = "<group>"; };
		F702922A8FD49C6FFFBA9382 /* Pods_PaintAppTests.framework */ = {isa = PBXFileReference; explicitFileType = wrapper.framework; includeInIndex = 0; path = Pods_PaintAppTests.framework; sourceTree = BUILT_PRODUCTS_DIR; };
/* End PBXFileReference section */

/* Begin PBXFrameworksBuildPhase section */
		B890A0301F069FBB0059A192 /* Frameworks */ = {
			isa = PBXFrameworksBuildPhase;
			buildActionMask = 2147483647;
			files = (
				0A6BC16B55456131088A3CC9 /* Pods_PaintApp.framework in Frameworks */,
			);
			runOnlyForDeploymentPostprocessing = 0;
		};
		B890A0441F069FBB0059A192 /* Frameworks */ = {
			isa = PBXFrameworksBuildPhase;
			buildActionMask = 2147483647;
			files = (
				501068F6BE016B7EAE04098D /* Pods_PaintAppTests.framework in Frameworks */,
			);
			runOnlyForDeploymentPostprocessing = 0;
		};
		B890A04F1F069FBB0059A192 /* Frameworks */ = {
			isa = PBXFrameworksBuildPhase;
			buildActionMask = 2147483647;
			files = (
				B9AEDE9089A8A6BDDD52BADF /* Pods_PaintAppUITests.framework in Frameworks */,
			);
			runOnlyForDeploymentPostprocessing = 0;
		};
/* End PBXFrameworksBuildPhase section */

/* Begin PBXGroup section */
		A2910E3518467EF90DEF883A /* Pods */ = {
			isa = PBXGroup;
			children = (
				EFFBAC01F5C24DC4A5ACC119 /* Pods-PaintApp.debug.xcconfig */,
				1C50ED34B473DD0A2271501E /* Pods-PaintApp.release.xcconfig */,
				197CEAB91958B6BE6E2A638C /* Pods-PaintAppTests.debug.xcconfig */,
				7AB735739DE14A8313B6EE88 /* Pods-PaintAppTests.release.xcconfig */,
				2A078C46AF82F9BD71DD44BA /* Pods-PaintAppUITests.debug.xcconfig */,
				5E2BC9C412DD95D0F2B610BC /* Pods-PaintAppUITests.release.xcconfig */,
			);
			name = Pods;
			sourceTree = "<group>";
		};
		B890A02A1F069FBB0059A192 = {
			isa = PBXGroup;
			children = (
				B890A0351F069FBB0059A192 /* PaintApp */,
				B890A04A1F069FBB0059A192 /* PaintAppTests */,
				B890A0551F069FBB0059A192 /* PaintAppUITests */,
				B890A0341F069FBB0059A192 /* Products */,
				A2910E3518467EF90DEF883A /* Pods */,
				D49D23E7DC97CFC2BB194EA5 /* Frameworks */,
			);
			sourceTree = "<group>";
		};
		B890A0341F069FBB0059A192 /* Products */ = {
			isa = PBXGroup;
			children = (
				B890A0331F069FBB0059A192 /* PaintApp.app */,
				B890A0471F069FBB0059A192 /* PaintAppTests.xctest */,
				B890A0521F069FBB0059A192 /* PaintAppUITests.xctest */,
			);
			name = Products;
			sourceTree = "<group>";
		};
		B890A0351F069FBB0059A192 /* PaintApp */ = {
			isa = PBXGroup;
			children = (
				B830ECC21F077C88002FB10C /* CanvasView.swift */,
				B830ECC81F0C98EA002FB10C /* menu.png */,
				B890A03A1F069FBB0059A192 /* Main.storyboard */,
				B890A0381F069FBB0059A192 /* ViewController.swift */,
				B830ECCC1F0DD766002FB10C /* flower.png */,
				B830ECC41F0C94FC002FB10C /* SlideViewController.swift */,
				B830ECC61F0C955A002FB10C /* LeftViewController.swift */,
				B890A0361F069FBB0059A192 /* AppDelegate.swift */,
				B890A03F1F069FBB0059A192 /* LaunchScreen.storyboard */,
				B890A0421F069FBB0059A192 /* Info.plist */,
			);
			path = PaintApp;
			sourceTree = "<group>";
		};
		B890A04A1F069FBB0059A192 /* PaintAppTests */ = {
			isa = PBXGroup;
			children = (
				B890A04B1F069FBB0059A192 /* PaintAppTests.swift */,
				B890A04D1F069FBB0059A192 /* Info.plist */,
			);
			path = PaintAppTests;
			sourceTree = "<group>";
		};
		B890A0551F069FBB0059A192 /* PaintAppUITests */ = {
			isa = PBXGroup;
			children = (
				B890A0561F069FBB0059A192 /* PaintAppUITests.swift */,
				B890A0581F069FBB0059A192 /* Info.plist */,
			);
			path = PaintAppUITests;
			sourceTree = "<group>";
		};
		D49D23E7DC97CFC2BB194EA5 /* Frameworks */ = {
			isa = PBXGroup;
			children = (
				BF4E6C684B7756F718715C97 /* Pods_PaintApp.framework */,
				F702922A8FD49C6FFFBA9382 /* Pods_PaintAppTests.framework */,
				D8CD2596735B243F524010BE /* Pods_PaintAppUITests.framework */,
			);
			name = Frameworks;
			sourceTree = "<group>";
		};
/* End PBXGroup section */

/* Begin PBXNativeTarget section */
		B890A0321F069FBB0059A192 /* PaintApp */ = {
			isa = PBXNativeTarget;
			buildConfigurationList = B890A05B1F069FBB0059A192 /* Build configuration list for PBXNativeTarget "PaintApp" */;
			buildPhases = (
				5CB36E266D80B070534B5BE9 /* [CP] Check Pods Manifest.lock */,
				B890A02F1F069FBB0059A192 /* Sources */,
				B890A0301F069FBB0059A192 /* Frameworks */,
				B890A0311F069FBB0059A192 /* Resources */,
				DD21DF84DA9148EF9E42E5C4 /* [CP] Embed Pods Frameworks */,
				D0E8871BCE871B07A3F4E3BD /* [CP] Copy Pods Resources */,
			);
			buildRules = (
			);
			dependencies = (
			);
			name = PaintApp;
			productName = PaintApp;
			productReference = B890A0331F069FBB0059A192 /* PaintApp.app */;
			productType = "com.apple.product-type.application";
		};
		B890A0461F069FBB0059A192 /* PaintAppTests */ = {
			isa = PBXNativeTarget;
			buildConfigurationList = B890A05E1F069FBB0059A192 /* Build configuration list for PBXNativeTarget "PaintAppTests" */;
			buildPhases = (
				8ED81BC412219DC3E5807D4F /* [CP] Check Pods Manifest.lock */,
				B890A0431F069FBB0059A192 /* Sources */,
				B890A0441F069FBB0059A192 /* Frameworks */,
				B890A0451F069FBB0059A192 /* Resources */,
				F9ABA4C35685224A4CAA5EC0 /* [CP] Embed Pods Frameworks */,
				B3D009DE002EF6E5FD34D117 /* [CP] Copy Pods Resources */,
			);
			buildRules = (
			);
			dependencies = (
				B890A0491F069FBB0059A192 /* PBXTargetDependency */,
			);
			name = PaintAppTests;
			productName = PaintAppTests;
			productReference = B890A0471F069FBB0059A192 /* PaintAppTests.xctest */;
			productType = "com.apple.product-type.bundle.unit-test";
		};
		B890A0511F069FBB0059A192 /* PaintAppUITests */ = {
			isa = PBXNativeTarget;
			buildConfigurationList = B890A0611F069FBB0059A192 /* Build configuration list for PBXNativeTarget "PaintAppUITests" */;
			buildPhases = (
				61E7C57509E6FE45380C86E8 /* [CP] Check Pods Manifest.lock */,
				B890A04E1F069FBB0059A192 /* Sources */,
				B890A04F1F069FBB0059A192 /* Frameworks */,
				B890A0501F069FBB0059A192 /* Resources */,
				5D0A69287F4E52C60CA6A606 /* [CP] Embed Pods Frameworks */,
				1D62F7FBC83A6D9B4A1B45B1 /* [CP] Copy Pods Resources */,
			);
			buildRules = (
			);
			dependencies = (
				B890A0541F069FBB0059A192 /* PBXTargetDependency */,
			);
			name = PaintAppUITests;
			productName = PaintAppUITests;
			productReference = B890A0521F069FBB0059A192 /* PaintAppUITests.xctest */;
			productType = "com.apple.product-type.bundle.ui-testing";
		};
/* End PBXNativeTarget section */

/* Begin PBXProject section */
		B890A02B1F069FBB0059A192 /* Project object */ = {
			isa = PBXProject;
			attributes = {
				LastSwiftUpdateCheck = 0830;
				LastUpgradeCheck = 0830;
				ORGANIZATIONNAME = "前原理来";
				TargetAttributes = {
					B890A0321F069FBB0059A192 = {
						CreatedOnToolsVersion = 8.3.3;
						DevelopmentTeam = 2TS69HVDSW;
						ProvisioningStyle = Automatic;
					};
					B890A0461F069FBB0059A192 = {
						CreatedOnToolsVersion = 8.3.3;
						ProvisioningStyle = Automatic;
						TestTargetID = B890A0321F069FBB0059A192;
					};
					B890A0511F069FBB0059A192 = {
						CreatedOnToolsVersion = 8.3.3;
						ProvisioningStyle = Automatic;
						TestTargetID = B890A0321F069FBB0059A192;
					};
				};
			};
			buildConfigurationList = B890A02E1F069FBB0059A192 /* Build configuration list for PBXProject "PaintApp" */;
			compatibilityVersion = "Xcode 3.2";
			developmentRegion = English;
			hasScannedForEncodings = 0;
			knownRegions = (
				en,
				Base,
			);
			mainGroup = B890A02A1F069FBB0059A192;
			productRefGroup = B890A0341F069FBB0059A192 /* Products */;
			projectDirPath = "";
			projectRoot = "";
			targets = (
				B890A0321F069FBB0059A192 /* PaintApp */,
				B890A0461F069FBB0059A192 /* PaintAppTests */,
				B890A0511F069FBB0059A192 /* PaintAppUITests */,
			);
		};
/* End PBXProject section */

/* Begin PBXResourcesBuildPhase section */
		B890A0311F069FBB0059A192 /* Resources */ = {
			isa = PBXResourcesBuildPhase;
			buildActionMask = 2147483647;
			files = (
				B830ECC91F0C98EA002FB10C /* menu.png in Resources */,
				B890A0411F069FBB0059A192 /* LaunchScreen.storyboard in Resources */,
				B890A03C1F069FBB0059A192 /* Main.storyboard in Resources */,
				B830ECCD1F0DD766002FB10C /* flower.png in Resources */,
			);
			runOnlyForDeploymentPostprocessing = 0;
		};
		B890A0451F069FBB0059A192 /* Resources */ = {
			isa = PBXResourcesBuildPhase;
			buildActionMask = 2147483647;
			files = (
			);
			runOnlyForDeploymentPostprocessing = 0;
		};
		B890A0501F069FBB0059A192 /* Resources */ = {
			isa = PBXResourcesBuildPhase;
			buildActionMask = 2147483647;
			files = (
			);
			runOnlyForDeploymentPostprocessing = 0;
		};
/* End PBXResourcesBuildPhase section */

/* Begin PBXShellScriptBuildPhase section */
		1D62F7FBC83A6D9B4A1B45B1 /* [CP] Copy Pods Resources */ = {
			isa = PBXShellScriptBuildPhase;
			buildActionMask = 2147483647;
			files = (
			);
			inputPaths = (
			);
			name = "[CP] Copy Pods Resources";
			outputPaths = (
			);
			runOnlyForDeploymentPostprocessing = 0;
			shellPath = /bin/sh;
			shellScript = "\"${SRCROOT}/Pods/Target Support Files/Pods-PaintAppUITests/Pods-PaintAppUITests-resources.sh\"\n";
			showEnvVarsInLog = 0;
		};
		5CB36E266D80B070534B5BE9 /* [CP] Check Pods Manifest.lock */ = {
			isa = PBXShellScriptBuildPhase;
			buildActionMask = 2147483647;
			files = (
			);
			inputPaths = (
			);
			name = "[CP] Check Pods Manifest.lock";
			outputPaths = (
			);
			runOnlyForDeploymentPostprocessing = 0;
			shellPath = /bin/sh;
			shellScript = "diff \"${PODS_ROOT}/../Podfile.lock\" \"${PODS_ROOT}/Manifest.lock\" > /dev/null\nif [ $? != 0 ] ; then\n    # print error to STDERR\n    echo \"error: The sandbox is not in sync with the Podfile.lock. Run 'pod install' or update your CocoaPods installation.\" >&2\n    exit 1\nfi\n";
			showEnvVarsInLog = 0;
		};
		5D0A69287F4E52C60CA6A606 /* [CP] Embed Pods Frameworks */ = {
			isa = PBXShellScriptBuildPhase;
			buildActionMask = 2147483647;
			files = (
			);
			inputPaths = (
			);
			name = "[CP] Embed Pods Frameworks";
			outputPaths = (
			);
			runOnlyForDeploymentPostprocessing = 0;
			shellPath = /bin/sh;
			shellScript = "\"${SRCROOT}/Pods/Target Support Files/Pods-PaintAppUITests/Pods-PaintAppUITests-frameworks.sh\"\n";
			showEnvVarsInLog = 0;
		};
		61E7C57509E6FE45380C86E8 /* [CP] Check Pods Manifest.lock */ = {
			isa = PBXShellScriptBuildPhase;
			buildActionMask = 2147483647;
			files = (
			);
			inputPaths = (
			);
			name = "[CP] Check Pods Manifest.lock";
			outputPaths = (
			);
			runOnlyForDeploymentPostprocessing = 0;
			shellPath = /bin/sh;
			shellScript = "diff \"${PODS_ROOT}/../Podfile.lock\" \"${PODS_ROOT}/Manifest.lock\" > /dev/null\nif [ $? != 0 ] ; then\n    # print error to STDERR\n    echo \"error: The sandbox is not in sync with the Podfile.lock. Run 'pod install' or update your CocoaPods installation.\" >&2\n    exit 1\nfi\n";
			showEnvVarsInLog = 0;
		};
		8ED81BC412219DC3E5807D4F /* [CP] Check Pods Manifest.lock */ = {
			isa = PBXShellScriptBuildPhase;
			buildActionMask = 2147483647;
			files = (
			);
			inputPaths = (
			);
			name = "[CP] Check Pods Manifest.lock";
			outputPaths = (
			);
			runOnlyForDeploymentPostprocessing = 0;
			shellPath = /bin/sh;
			shellScript = "diff \"${PODS_ROOT}/../Podfile.lock\" \"${PODS_ROOT}/Manifest.lock\" > /dev/null\nif [ $? != 0 ] ; then\n    # print error to STDERR\n    echo \"error: The sandbox is not in sync with the Podfile.lock. Run 'pod install' or update your CocoaPods installation.\" >&2\n    exit 1\nfi\n";
			showEnvVarsInLog = 0;
		};
		B3D009DE002EF6E5FD34D117 /* [CP] Copy Pods Resources */ = {
			isa = PBXShellScriptBuildPhase;
			buildActionMask = 2147483647;
			files = (
			);
			inputPaths = (
			);
			name = "[CP] Copy Pods Resources";
			outputPaths = (
			);
			runOnlyForDeploymentPostprocessing = 0;
			shellPath = /bin/sh;
			shellScript = "\"${SRCROOT}/Pods/Target Support Files/Pods-PaintAppTests/Pods-PaintAppTests-resources.sh\"\n";
			showEnvVarsInLog = 0;
		};
		D0E8871BCE871B07A3F4E3BD /* [CP] Copy Pods Resources */ = {
			isa = PBXShellScriptBuildPhase;
			buildActionMask = 2147483647;
			files = (
			);
			inputPaths = (
			);
			name = "[CP] Copy Pods Resources";
			outputPaths = (
			);
			runOnlyForDeploymentPostprocessing = 0;
			shellPath = /bin/sh;
			shellScript = "\"${SRCROOT}/Pods/Target Support Files/Pods-PaintApp/Pods-PaintApp-resources.sh\"\n";
			showEnvVarsInLog = 0;
		};
		DD21DF84DA9148EF9E42E5C4 /* [CP] Embed Pods Frameworks */ = {
			isa = PBXShellScriptBuildPhase;
			buildActionMask = 2147483647;
			files = (
			);
			inputPaths = (
			);
			name = "[CP] Embed Pods Frameworks";
			outputPaths = (
			);
			runOnlyForDeploymentPostprocessing = 0;
			shellPath = /bin/sh;
			shellScript = "\"${SRCROOT}/Pods/Target Support Files/Pods-PaintApp/Pods-PaintApp-frameworks.sh\"\n";
			showEnvVarsInLog = 0;
		};
		F9ABA4C35685224A4CAA5EC0 /* [CP] Embed Pods Frameworks */ = {
			isa = PBXShellScriptBuildPhase;
			buildActionMask = 2147483647;
			files = (
			);
			inputPaths = (
			);
			name = "[CP] Embed Pods Frameworks";
			outputPaths = (
			);
			runOnlyForDeploymentPostprocessing = 0;
			shellPath = /bin/sh;
			shellScript = "\"${SRCROOT}/Pods/Target Support Files/Pods-PaintAppTests/Pods-PaintAppTests-frameworks.sh\"\n";
			showEnvVarsInLog = 0;
		};
/* End PBXShellScriptBuildPhase section */

/* Begin PBXSourcesBuildPhase section */
		B890A02F1F069FBB0059A192 /* Sources */ = {
			isa = PBXSourcesBuildPhase;
			buildActionMask = 2147483647;
			files = (
				B830ECC51F0C94FC002FB10C /* SlideViewController.swift in Sources */,
				B890A0391F069FBB0059A192 /* ViewController.swift in Sources */,
				B890A0371F069FBB0059A192 /* AppDelegate.swift in Sources */,
				B830ECC71F0C955A002FB10C /* LeftViewController.swift in Sources */,
				B830ECC31F077C88002FB10C /* CanvasView.swift in Sources */,
			);
			runOnlyForDeploymentPostprocessing = 0;
		};
		B890A0431F069FBB0059A192 /* Sources */ = {
			isa = PBXSourcesBuildPhase;
			buildActionMask = 2147483647;
			files = (
				B890A04C1F069FBB0059A192 /* PaintAppTests.swift in Sources */,
			);
			runOnlyForDeploymentPostprocessing = 0;
		};
		B890A04E1F069FBB0059A192 /* Sources */ = {
			isa = PBXSourcesBuildPhase;
			buildActionMask = 2147483647;
			files = (
				B890A0571F069FBB0059A192 /* PaintAppUITests.swift in Sources */,
			);
			runOnlyForDeploymentPostprocessing = 0;
		};
/* End PBXSourcesBuildPhase section */

/* Begin PBXTargetDependency section */
		B890A0491F069FBB0059A192 /* PBXTargetDependency */ = {
			isa = PBXTargetDependency;
			target = B890A0321F069FBB0059A192 /* PaintApp */;
			targetProxy = B890A0481F069FBB0059A192 /* PBXContainerItemProxy */;
		};
		B890A0541F069FBB0059A192 /* PBXTargetDependency */ = {
			isa = PBXTargetDependency;
			target = B890A0321F069FBB0059A192 /* PaintApp */;
			targetProxy = B890A0531F069FBB0059A192 /* PBXContainerItemProxy */;
		};
/* End PBXTargetDependency section */

/* Begin PBXVariantGroup section */
		B890A03A1F069FBB0059A192 /* Main.storyboard */ = {
			isa = PBXVariantGroup;
			children = (
				B890A03B1F069FBB0059A192 /* Base */,
			);
			name = Main.storyboard;
			sourceTree = "<group>";
		};
		B890A03F1F069FBB0059A192 /* LaunchScreen.storyboard */ = {
			isa = PBXVariantGroup;
			children = (
				B890A0401F069FBB0059A192 /* Base */,
			);
			name = LaunchScreen.storyboard;
			sourceTree = "<group>";
		};
/* End PBXVariantGroup section */

/* Begin XCBuildConfiguration section */
		B890A0591F069FBB0059A192 /* Debug */ = {
			isa = XCBuildConfiguration;
			buildSettings = {
				ALWAYS_SEARCH_USER_PATHS = NO;
				CLANG_ANALYZER_NONNULL = YES;
				CLANG_ANALYZER_NUMBER_OBJECT_CONVERSION = YES_AGGRESSIVE;
				CLANG_CXX_LANGUAGE_STANDARD = "gnu++0x";
				CLANG_CXX_LIBRARY = "libc++";
				CLANG_ENABLE_MODULES = YES;
				CLANG_ENABLE_OBJC_ARC = YES;
				CLANG_WARN_BOOL_CONVERSION = YES;
				CLANG_WARN_CONSTANT_CONVERSION = YES;
				CLANG_WARN_DIRECT_OBJC_ISA_USAGE = YES_ERROR;
				CLANG_WARN_DOCUMENTATION_COMMENTS = YES;
				CLANG_WARN_EMPTY_BODY = YES;
				CLANG_WARN_ENUM_CONVERSION = YES;
				CLANG_WARN_INFINITE_RECURSION = YES;
				CLANG_WARN_INT_CONVERSION = YES;
				CLANG_WARN_OBJC_ROOT_CLASS = YES_ERROR;
				CLANG_WARN_SUSPICIOUS_MOVE = YES;
				CLANG_WARN_UNREACHABLE_CODE = YES;
				CLANG_WARN__DUPLICATE_METHOD_MATCH = YES;
				"CODE_SIGN_IDENTITY[sdk=iphoneos*]" = "iPhone Developer";
				COPY_PHASE_STRIP = NO;
				DEBUG_INFORMATION_FORMAT = dwarf;
				ENABLE_STRICT_OBJC_MSGSEND = YES;
				ENABLE_TESTABILITY = YES;
				GCC_C_LANGUAGE_STANDARD = gnu99;
				GCC_DYNAMIC_NO_PIC = NO;
				GCC_NO_COMMON_BLOCKS = YES;
				GCC_OPTIMIZATION_LEVEL = 0;
				GCC_PREPROCESSOR_DEFINITIONS = (
					"DEBUG=1",
					"$(inherited)",
				);
				GCC_WARN_64_TO_32_BIT_CONVERSION = YES;
				GCC_WARN_ABOUT_RETURN_TYPE = YES_ERROR;
				GCC_WARN_UNDECLARED_SELECTOR = YES;
				GCC_WARN_UNINITIALIZED_AUTOS = YES_AGGRESSIVE;
				GCC_WARN_UNUSED_FUNCTION = YES;
				GCC_WARN_UNUSED_VARIABLE = YES;
				IPHONEOS_DEPLOYMENT_TARGET = 10.3;
				MTL_ENABLE_DEBUG_INFO = YES;
				ONLY_ACTIVE_ARCH = YES;
				SDKROOT = iphoneos;
				SWIFT_ACTIVE_COMPILATION_CONDITIONS = DEBUG;
				SWIFT_OPTIMIZATION_LEVEL = "-Onone";
			};
			name = Debug;
		};
		B890A05A1F069FBB0059A192 /* Release */ = {
			isa = XCBuildConfiguration;
			buildSettings = {
				ALWAYS_SEARCH_USER_PATHS = NO;
				CLANG_ANALYZER_NONNULL = YES;
				CLANG_ANALYZER_NUMBER_OBJECT_CONVERSION = YES_AGGRESSIVE;
				CLANG_CXX_LANGUAGE_STANDARD = "gnu++0x";
				CLANG_CXX_LIBRARY = "libc++";
				CLANG_ENABLE_MODULES = YES;
				CLANG_ENABLE_OBJC_ARC = YES;
				CLANG_WARN_BOOL_CONVERSION = YES;
				CLANG_WARN_CONSTANT_CONVERSION = YES;
				CLANG_WARN_DIRECT_OBJC_ISA_USAGE = YES_ERROR;
				CLANG_WARN_DOCUMENTATION_COMMENTS = YES;
				CLANG_WARN_EMPTY_BODY = YES;
				CLANG_WARN_ENUM_CONVERSION = YES;
				CLANG_WARN_INFINITE_RECURSION = YES;
				CLANG_WARN_INT_CONVERSION = YES;
				CLANG_WARN_OBJC_ROOT_CLASS = YES_ERROR;
				CLANG_WARN_SUSPICIOUS_MOVE = YES;
				CLANG_WARN_UNREACHABLE_CODE = YES;
				CLANG_WARN__DUPLICATE_METHOD_MATCH = YES;
				"CODE_SIGN_IDENTITY[sdk=iphoneos*]" = "iPhone Developer";
				COPY_PHASE_STRIP = NO;
				DEBUG_INFORMATION_FORMAT = "dwarf-with-dsym";
				ENABLE_NS_ASSERTIONS = NO;
				ENABLE_STRICT_OBJC_MSGSEND = YES;
				GCC_C_LANGUAGE_STANDARD = gnu99;
				GCC_NO_COMMON_BLOCKS = YES;
				GCC_WARN_64_TO_32_BIT_CONVERSION = YES;
				GCC_WARN_ABOUT_RETURN_TYPE = YES_ERROR;
				GCC_WARN_UNDECLARED_SELECTOR = YES;
				GCC_WARN_UNINITIALIZED_AUTOS = YES_AGGRESSIVE;
				GCC_WARN_UNUSED_FUNCTION = YES;
				GCC_WARN_UNUSED_VARIABLE = YES;
				IPHONEOS_DEPLOYMENT_TARGET = 10.3;
				MTL_ENABLE_DEBUG_INFO = NO;
				SDKROOT = iphoneos;
				SWIFT_OPTIMIZATION_LEVEL = "-Owholemodule";
				VALIDATE_PRODUCT = YES;
			};
			name = Release;
		};
		B890A05C1F069FBB0059A192 /* Debug */ = {
			isa = XCBuildConfiguration;
			baseConfigurationReference = EFFBAC01F5C24DC4A5ACC119 /* Pods-PaintApp.debug.xcconfig */;
			buildSettings = {
				ASSETCATALOG_COMPILER_APPICON_NAME = AppIcon;
				DEVELOPMENT_TEAM = 2TS69HVDSW;
				INFOPLIST_FILE = PaintApp/Info.plist;
				IPHONEOS_DEPLOYMENT_TARGET = 10.3;
				LD_RUNPATH_SEARCH_PATHS = "$(inherited) @executable_path/Frameworks";
				PRODUCT_BUNDLE_IDENTIFIER = com.land.riku.maehara.PaintApp;
				PRODUCT_NAME = "$(TARGET_NAME)";
				SWIFT_VERSION = 3.0;
			};
			name = Debug;
		};
		B890A05D1F069FBB0059A192 /* Release */ = {
			isa = XCBuildConfiguration;
			baseConfigurationReference = 1C50ED34B473DD0A2271501E /* Pods-PaintApp.release.xcconfig */;
			buildSettings = {
				ASSETCATALOG_COMPILER_APPICON_NAME = AppIcon;
				DEVELOPMENT_TEAM = 2TS69HVDSW;
				INFOPLIST_FILE = PaintApp/Info.plist;
				IPHONEOS_DEPLOYMENT_TARGET = 10.3;
				LD_RUNPATH_SEARCH_PATHS = "$(inherited) @executable_path/Frameworks";
				PRODUCT_BUNDLE_IDENTIFIER = com.land.riku.maehara.PaintApp;
				PRODUCT_NAME = "$(TARGET_NAME)";
				SWIFT_VERSION = 3.0;
			};
			name = Release;
		};
		B890A05F1F069FBB0059A192 /* Debug */ = {
			isa = XCBuildConfiguration;
			baseConfigurationReference = 197CEAB91958B6BE6E2A638C /* Pods-PaintAppTests.debug.xcconfig */;
			buildSettings = {
				ALWAYS_EMBED_SWIFT_STANDARD_LIBRARIES = YES;
				BUNDLE_LOADER = "$(TEST_HOST)";
				INFOPLIST_FILE = PaintAppTests/Info.plist;
				LD_RUNPATH_SEARCH_PATHS = "$(inherited) @executable_path/Frameworks @loader_path/Frameworks";
				PRODUCT_BUNDLE_IDENTIFIER = com.land.riku.maehara.PaintAppTests;
				PRODUCT_NAME = "$(TARGET_NAME)";
				SWIFT_VERSION = 3.0;
				TEST_HOST = "$(BUILT_PRODUCTS_DIR)/PaintApp.app/PaintApp";
			};
			name = Debug;
		};
		B890A0601F069FBB0059A192 /* Release */ = {
			isa = XCBuildConfiguration;
			baseConfigurationReference = 7AB735739DE14A8313B6EE88 /* Pods-PaintAppTests.release.xcconfig */;
			buildSettings = {
				ALWAYS_EMBED_SWIFT_STANDARD_LIBRARIES = YES;
				BUNDLE_LOADER = "$(TEST_HOST)";
				INFOPLIST_FILE = PaintAppTests/Info.plist;
				LD_RUNPATH_SEARCH_PATHS = "$(inherited) @executable_path/Frameworks @loader_path/Frameworks";
				PRODUCT_BUNDLE_IDENTIFIER = com.land.riku.maehara.PaintAppTests;
				PRODUCT_NAME = "$(TARGET_NAME)";
				SWIFT_VERSION = 3.0;
				TEST_HOST = "$(BUILT_PRODUCTS_DIR)/PaintApp.app/PaintApp";
			};
			name = Release;
		};
		B890A0621F069FBB0059A192 /* Debug */ = {
			isa = XCBuildConfiguration;
			baseConfigurationReference = 2A078C46AF82F9BD71DD44BA /* Pods-PaintAppUITests.debug.xcconfig */;
			buildSettings = {
				ALWAYS_EMBED_SWIFT_STANDARD_LIBRARIES = YES;
				INFOPLIST_FILE = PaintAppUITests/Info.plist;
				LD_RUNPATH_SEARCH_PATHS = "$(inherited) @executable_path/Frameworks @loader_path/Frameworks";
				PRODUCT_BUNDLE_IDENTIFIER = com.land.riku.maehara.PaintAppUITests;
				PRODUCT_NAME = "$(TARGET_NAME)";
				SWIFT_VERSION = 3.0;
				TEST_TARGET_NAME = PaintApp;
			};
			name = Debug;
		};
		B890A0631F069FBB0059A192 /* Release */ = {
			isa = XCBuildConfiguration;
			baseConfigurationReference = 5E2BC9C412DD95D0F2B610BC /* Pods-PaintAppUITests.release.xcconfig */;
			buildSettings = {
				ALWAYS_EMBED_SWIFT_STANDARD_LIBRARIES = YES;
				INFOPLIST_FILE = PaintAppUITests/Info.plist;
				LD_RUNPATH_SEARCH_PATHS = "$(inherited) @executable_path/Frameworks @loader_path/Frameworks";
				PRODUCT_BUNDLE_IDENTIFIER = com.land.riku.maehara.PaintAppUITests;
				PRODUCT_NAME = "$(TARGET_NAME)";
				SWIFT_VERSION = 3.0;
				TEST_TARGET_NAME = PaintApp;
			};
			name = Release;
		};
/* End XCBuildConfiguration section */

/* Begin XCConfigurationList section */
		B890A02E1F069FBB0059A192 /* Build configuration list for PBXProject "PaintApp" */ = {
			isa = XCConfigurationList;
			buildConfigurations = (
				B890A0591F069FBB0059A192 /* Debug */,
				B890A05A1F069FBB0059A192 /* Release */,
			);
			defaultConfigurationIsVisible = 0;
			defaultConfigurationName = Release;
		};
		B890A05B1F069FBB0059A192 /* Build configuration list for PBXNativeTarget "PaintApp" */ = {
			isa = XCConfigurationList;
			buildConfigurations = (
				B890A05C1F069FBB0059A192 /* Debug */,
				B890A05D1F069FBB0059A192 /* Release */,
			);
			defaultConfigurationIsVisible = 0;
			defaultConfigurationName = Release;
		};
		B890A05E1F069FBB0059A192 /* Build configuration list for PBXNativeTarget "PaintAppTests" */ = {
			isa = XCConfigurationList;
			buildConfigurations = (
				B890A05F1F069FBB0059A192 /* Debug */,
				B890A0601F069FBB0059A192 /* Release */,
			);
			defaultConfigurationIsVisible = 0;
			defaultConfigurationName = Release;
		};
		B890A0611F069FBB0059A192 /* Build configuration list for PBXNativeTarget "PaintAppUITests" */ = {
			isa = XCConfigurationList;
			buildConfigurations = (
				B890A0621F069FBB0059A192 /* Debug */,
				B890A0631F069FBB0059A192 /* Release */,
			);
			defaultConfigurationIsVisible = 0;
			defaultConfigurationName = Release;
		};
/* End XCConfigurationList section */
	};
	rootObject = B890A02B1F069FBB0059A192 /* Project object */;
}
